
Microsoft Visual Studio Solution File, Format Version 12.00
Project("{FAE04EC0-301F-11D3-BF4B-00C04F79EFBC}") = "Learning_Platform", "Learning_Platform\Learning_Platform.csproj", "{8AB69F14-C1E8-4F89-B6C7-3D1B720C4A1F}"
EndProject
Project("{FAE04EC0-301F-11D3-BF4B-00C04F79EFBC}") = "Clean.Application", "Clean.Application\Clean.Application.csproj", "{B9EFD7B0-DDB4-4211-BFC3-EDC344401E96}"
EndProject
Project("{FAE04EC0-301F-11D3-BF4B-00C04F79EFBC}") = "Clean.Domain", "Clean.Domain\Clean.Domain.csproj", "{EC785644-DE6D-4CC6-9F53-0E0C7453C881}"
EndProject
Project("{FAE04EC0-301F-11D3-BF4B-00C04F79EFBC}") = "Clean.Infrastructure", "Clean.Infrastructure\Clean.Infrastructure.csproj", "{25489B4F-9E0C-4E1B-B351-17390F6DE7F4}"
EndProject
Global
	GlobalSection(SolutionConfigurationPlatforms) = preSolution
		Debug|Any CPU = Debug|Any CPU
		Release|Any CPU = Release|Any CPU
	EndGlobalSection
	GlobalSection(ProjectConfigurationPlatforms) = postSolution
		{8AB69F14-C1E8-4F89-B6C7-3D1B720C4A1F}.Debug|Any CPU.ActiveCfg = Debug|Any CPU
		{8AB69F14-C1E8-4F89-B6C7-3D1B720C4A1F}.Debug|Any CPU.Build.0 = Debug|Any CPU
		{8AB69F14-C1E8-4F89-B6C7-3D1B720C4A1F}.Release|Any CPU.ActiveCfg = Release|Any CPU
		{8AB69F14-C1E8-4F89-B6C7-3D1B720C4A1F}.Release|Any CPU.Build.0 = Release|Any CPU
		{B9EFD7B0-DDB4-4211-BFC3-EDC344401E96}.Debug|Any CPU.ActiveCfg = Debug|Any CPU
		{B9EFD7B0-DDB4-4211-BFC3-EDC344401E96}.Debug|Any CPU.Build.0 = Debug|Any CPU
		{B9EFD7B0-DDB4-4211-BFC3-EDC344401E96}.Release|Any CPU.ActiveCfg = Release|Any CPU
		{B9EFD7B0-DDB4-4211-BFC3-EDC344401E96}.Release|Any CPU.Build.0 = Release|Any CPU
		{EC785644-DE6D-4CC6-9F53-0E0C7453C881}.Debug|Any CPU.ActiveCfg = Debug|Any CPU
		{EC785644-DE6D-4CC6-9F53-0E0C7453C881}.Debug|Any CPU.Build.0 = Debug|Any CPU
		{EC785644-DE6D-4CC6-9F53-0E0C7453C881}.Release|Any CPU.ActiveCfg = Release|Any CPU
		{EC785644-DE6D-4CC6-9F53-0E0C7453C881}.Release|Any CPU.Build.0 = Release|Any CPU
		{25489B4F-9E0C-4E1B-B351-17390F6DE7F4}.Debug|Any CPU.ActiveCfg = Debug|Any CPU
		{25489B4F-9E0C-4E1B-B351-17390F6DE7F4}.Debug|Any CPU.Build.0 = Debug|Any CPU
		{25489B4F-9E0C-4E1B-B351-17390F6DE7F4}.Release|Any CPU.ActiveCfg = Release|Any CPU
		{25489B4F-9E0C-4E1B-B351-17390F6DE7F4}.Release|Any CPU.Build.0 = Release|Any CPU
	EndGlobalSection
EndGlobal
